
Microsoft Visual Studio Solution File, Format Version 12.00
# Visual Studio Version 17
VisualStudioVersion = 17.14.36811.4 d17.14
MinimumVisualStudioVersion = 10.0.40219.1
Project("{8BC9CEB8-8B4A-11D0-8D11-00A0C91BC942}") = "SEP2", "SEP2\SEP2.vcxproj", "{692FA73A-580F-488E-BF66-F08267B60216}"
EndProject
Global
	GlobalSection(SolutionConfigurationPlatforms) = preSolution
		Debug|x64 = Debug|x64
		Release|x64 = Release|x64
	EndGlobalSection
	GlobalSection(ProjectConfigurationPlatforms) = postSolution
		{692FA73A-580F-488E-BF66-F08267B60216}.Debug|x64.ActiveCfg = Debug|x64
		{692FA73A-580F-488E-BF66-F08267B60216}.Debug|x64.Build.0 = Debug|x64
		{692FA73A-580F-488E-BF66-F08267B60216}.Release|x64.ActiveCfg = Release|x64
		{692FA73A-580F-488E-BF66-F08267B60216}.Release|x64.Build.0 = Release|x64
	EndGlobalSection
	GlobalSection(SolutionProperties) = preSolution
		HideSolutionNode = FALSE
	EndGlobalSection
	GlobalSection(ExtensibilityGlobals) = postSolution
		SolutionGuid = {4A710D68-1F37-4224-8871-C8F42D1FB5CA}
	EndGlobalSection
EndGlobal
